
Microsoft Visual Studio Solution File, Format Version 12.00
# Visual Studio Version 17
VisualStudioVersion = 17.8.34525.116
MinimumVisualStudioVersion = 10.0.40219.1
Project("{FAE04EC0-301F-11D3-BF4B-00C04F79EFBC}") = "lab_3_wpf", "lab_3_wpf\lab_3_wpf.csproj", "{5D33EDA7-FFC2-444D-BFF3-3FBB8ABD4DC2}"
EndProject
Global
	GlobalSection(SolutionConfigurationPlatforms) = preSolution
		Debug|Any CPU = Debug|Any CPU
		Release|Any CPU = Release|Any CPU
	EndGlobalSection
	GlobalSection(ProjectConfigurationPlatforms) = postSolution
		{5D33EDA7-FFC2-444D-BFF3-3FBB8ABD4DC2}.Debug|Any CPU.ActiveCfg = Debug|Any CPU
		{5D33EDA7-FFC2-444D-BFF3-3FBB8ABD4DC2}.Debug|Any CPU.Build.0 = Debug|Any CPU
		{5D33EDA7-FFC2-444D-BFF3-3FBB8ABD4DC2}.Release|Any CPU.ActiveCfg = Release|Any CPU
		{5D33EDA7-FFC2-444D-BFF3-3FBB8ABD4DC2}.Release|Any CPU.Build.0 = Release|Any CPU
	EndGlobalSection
	GlobalSection(SolutionProperties) = preSolution
		HideSolutionNode = FALSE
	EndGlobalSection
	GlobalSection(ExtensibilityGlobals) = postSolution
		SolutionGuid = {6F17CE7F-E855-404C-BE2B-14C80A1F2B90}
	EndGlobalSection
EndGlobal
